
Microsoft Visual Studio Solution File, Format Version 12.00
# Visual Studio Version 17
VisualStudioVersion = 17.10.35122.118
MinimumVisualStudioVersion = 10.0.40219.1
Project("{FAE04EC0-301F-11D3-BF4B-00C04F79EFBC}") = "CafeMgtAPI1", "CafeMgtAPI1\CafeMgtAPI1.csproj", "{A3A21F47-6A7A-46FD-8BFB-EF7C17197AC7}"
EndProject
Global
	GlobalSection(SolutionConfigurationPlatforms) = preSolution
		Debug|Any CPU = Debug|Any CPU
		Release|Any CPU = Release|Any CPU
	EndGlobalSection
	GlobalSection(ProjectConfigurationPlatforms) = postSolution
		{A3A21F47-6A7A-46FD-8BFB-EF7C17197AC7}.Debug|Any CPU.ActiveCfg = Debug|Any CPU
		{A3A21F47-6A7A-46FD-8BFB-EF7C17197AC7}.Debug|Any CPU.Build.0 = Debug|Any CPU
		{A3A21F47-6A7A-46FD-8BFB-EF7C17197AC7}.Release|Any CPU.ActiveCfg = Release|Any CPU
		{A3A21F47-6A7A-46FD-8BFB-EF7C17197AC7}.Release|Any CPU.Build.0 = Release|Any CPU
	EndGlobalSection
	GlobalSection(SolutionProperties) = preSolution
		HideSolutionNode = FALSE
	EndGlobalSection
	GlobalSection(ExtensibilityGlobals) = postSolution
		SolutionGuid = {8C208B6B-F696-49A7-9CAB-FC83575339A4}
	EndGlobalSection
EndGlobal
